{
  "name": "source",
  "version": "1.0.0",
  "lockfileVersion": 1,
  "requires": true,
  "dependencies": {
    "@types/webmidi": {
      "version": "2.0.4",
      "resolved": "https://registry.npmjs.org/@types/webmidi/-/webmidi-2.0.4.tgz",
      "integrity": "sha512-ouA837zUpSzURsUGvcnay6JwUz2B/UoJP3Lkacnz60y+rul8/auVOFS9LSO6v0gdNbGvRkbHEpayD8PbO7IKhw=="
    },
    "jazz-midi": {
      "version": "1.7.3",
      "resolved": "https://registry.npmjs.org/jazz-midi/-/jazz-midi-1.7.3.tgz",
      "integrity": "sha512-3+V4ZxmYainXoHDaevDBexHQumD3ONlbUgo6zmUXb6VKlJ05XxM+7Xhv7HPbWSOuVTV+gpTV9CI25PwUZJRy/w=="
    },
    "jzz": {
      "version": "1.1.6",
      "resolved": "https://registry.npmjs.org/jzz/-/jzz-1.1.6.tgz",
      "integrity": "sha512-GPE2749cB25YyMa3czPuNHMh0xYsge+UzZ6ln1C09Yj4ZCFs3I2Ri+mU9qEQauZJBgFtGLs/yUUCZLSs0AKyQg==",
      "requires": {
        "@types/webmidi": "^2.0.4",
        "jazz-midi": "^1.7.3"
      }
    },
    "web-midi-api": {
      "version": "2.0.8",
      "resolved": "https://registry.npmjs.org/web-midi-api/-/web-midi-api-2.0.8.tgz",
      "integrity": "sha512-enCNTytwLyKVUsbjDf3drBnWVWBtEI4O1OT+vxc1eFokJfwgy/ktDoSsTiHcObuxXy+kxt6dDfh1saH3z+KBXw==",
      "requires": {
        "jzz": "^1.0.7"
      }
    }
  }
}
